// !$*UTF8*$!
{
	archiveVersion = 1;
	classes = {
	};
	objectVersion = 56;
	objects = {

/* Begin PBXBuildFile section */
		902203A42C3A751A00D34BDF /* AppDelegate.swift in Sources */ = {isa = PBXBuildFile; fileRef = 902203A32C3A751A00D34BDF /* AppDelegate.swift */; };
		902203A62C3A751A00D34BDF /* ViewController.swift in Sources */ = {isa = PBXBuildFile; fileRef = 902203A52C3A751A00D34BDF /* ViewController.swift */; };
		902203A82C3A751D00D34BDF /* Assets.xcassets in Resources */ = {isa = PBXBuildFile; fileRef = 902203A72C3A751D00D34BDF /* Assets.xcassets */; };
		902203AB2C3A751D00D34BDF /* Base in Resources */ = {isa = PBXBuildFile; fileRef = 902203AA2C3A751D00D34BDF /* Base */; };
		902203B62C3A772E00D34BDF /* SettingsWindowController.swift in Sources */ = {isa = PBXBuildFile; fileRef = 902203B22C3A772E00D34BDF /* SettingsWindowController.swift */; };
		902203B72C3A772E00D34BDF /* NSLabel.swift in Sources */ = {isa = PBXBuildFile; fileRef = 902203B32C3A772E00D34BDF /* NSLabel.swift */; };
		902203B82C3A772E00D34BDF /* StatusBar.swift in Sources */ = {isa = PBXBuildFile; fileRef = 902203B42C3A772E00D34BDF /* StatusBar.swift */; };
		902203B92C3A772E00D34BDF /* TextInputWindowController.swift in Sources */ = {isa = PBXBuildFile; fileRef = 902203B52C3A772E00D34BDF /* TextInputWindowController.swift */; };
		902203BB2C3A787D00D34BDF /* Logger.swift in Sources */ = {isa = PBXBuildFile; fileRef = 902203BA2C3A787D00D34BDF /* Logger.swift */; };
		902203C12C3A7C9000D34BDF /* main.swift in Sources */ = {isa = PBXBuildFile; fileRef = 902203C02C3A7C9000D34BDF /* main.swift */; };
/* End PBXBuildFile section */

/* Begin PBXFileReference section */
		902203A02C3A751A00D34BDF /* TextOnMenuBar.app */ = {isa = PBXFileReference; explicitFileType = wrapper.application; includeInIndex = 0; path = TextOnMenuBar.app; sourceTree = BUILT_PRODUCTS_DIR; };
		902203A32C3A751A00D34BDF /* AppDelegate.swift */ = {isa = PBXFileReference; lastKnownFileType = sourcecode.swift; path = AppDelegate.swift; sourceTree = "<group>"; };
		902203A52C3A751A00D34BDF /* ViewController.swift */ = {isa = PBXFileReference; lastKnownFileType = sourcecode.swift; path = ViewController.swift; sourceTree = "<group>"; };
		902203A72C3A751D00D34BDF /* Assets.xcassets */ = {isa = PBXFileReference; lastKnownFileType = folder.assetcatalog; path = Assets.xcassets; sourceTree = "<group>"; };
		902203AA2C3A751D00D34BDF /* Base */ = {isa = PBXFileReference; lastKnownFileType = file.storyboard; name = Base; path = Base.lproj/Main.storyboard; sourceTree = "<group>"; };
		902203AC2C3A751D00D34BDF /* TextOnMenuBar.entitlements */ = {isa = PBXFileReference; lastKnownFileType = text.plist.entitlements; path = TextOnMenuBar.entitlements; sourceTree = "<group>"; };
		902203B22C3A772E00D34BDF /* SettingsWindowController.swift */ = {isa = PBXFileReference; fileEncoding = 4; lastKnownFileType = sourcecode.swift; path = SettingsWindowController.swift; sourceTree = "<group>"; };
		902203B32C3A772E00D34BDF /* NSLabel.swift */ = {isa = PBXFileReference; fileEncoding = 4; lastKnownFileType = sourcecode.swift; path = NSLabel.swift; sourceTree = "<group>"; };
		902203B42C3A772E00D34BDF /* StatusBar.swift */ = {isa = PBXFileReference; fileEncoding = 4; lastKnownFileType = sourcecode.swift; path = StatusBar.swift; sourceTree = "<group>"; };
		902203B52C3A772E00D34BDF /* TextInputWindowController.swift */ = {isa = PBXFileReference; fileEncoding = 4; lastKnownFileType = sourcecode.swift; path = TextInputWindowController.swift; sourceTree = "<group>"; };
		902203BA2C3A787D00D34BDF /* Logger.swift */ = {isa = PBXFileReference; fileEncoding = 4; lastKnownFileType = sourcecode.swift; path = Logger.swift; sourceTree = "<group>"; };
		902203C02C3A7C9000D34BDF /* main.swift */ = {isa = PBXFileReference; lastKnownFileType = sourcecode.swift; path = main.swift; sourceTree = "<group>"; };
/* End PBXFileReference section */

/* Begin PBXFrameworksBuildPhase section */
		9022039D2C3A751A00D34BDF /* Frameworks */ = {
			isa = PBXFrameworksBuildPhase;
			buildActionMask = 2147483647;
			files = (
			);
			runOnlyForDeploymentPostprocessing = 0;
		};
/* End PBXFrameworksBuildPhase section */

/* Begin PBXGroup section */
		902203972C3A751A00D34BDF = {
			isa = PBXGroup;
			children = (
				902203A22C3A751A00D34BDF /* TextOnMenuBar */,
				902203A12C3A751A00D34BDF /* Products */,
			);
			sourceTree = "<group>";
		};
		902203A12C3A751A00D34BDF /* Products */ = {
			isa = PBXGroup;
			children = (
				902203A02C3A751A00D34BDF /* TextOnMenuBar.app */,
			);
			name = Products;
			sourceTree = "<group>";
		};
		902203A22C3A751A00D34BDF /* TextOnMenuBar */ = {
			isa = PBXGroup;
			children = (
				902203A32C3A751A00D34BDF /* AppDelegate.swift */,
				902203A52C3A751A00D34BDF /* ViewController.swift */,
				902203A72C3A751D00D34BDF /* Assets.xcassets */,
				902203A92C3A751D00D34BDF /* Main.storyboard */,
				902203AC2C3A751D00D34BDF /* TextOnMenuBar.entitlements */,
				902203B32C3A772E00D34BDF /* NSLabel.swift */,
				902203B22C3A772E00D34BDF /* SettingsWindowController.swift */,
				902203B42C3A772E00D34BDF /* StatusBar.swift */,
				902203B52C3A772E00D34BDF /* TextInputWindowController.swift */,
				902203BA2C3A787D00D34BDF /* Logger.swift */,
				902203C02C3A7C9000D34BDF /* main.swift */,
			);
			path = TextOnMenuBar;
			sourceTree = "<group>";
		};
/* End PBXGroup section */

/* Begin PBXNativeTarget section */
		9022039F2C3A751A00D34BDF /* TextOnMenuBar */ = {
			isa = PBXNativeTarget;
			buildConfigurationList = 902203AF2C3A751D00D34BDF /* Build configuration list for PBXNativeTarget "TextOnMenuBar" */;
			buildPhases = (
				9022039C2C3A751A00D34BDF /* Sources */,
				9022039D2C3A751A00D34BDF /* Frameworks */,
				9022039E2C3A751A00D34BDF /* Resources */,
			);
			buildRules = (
			);
			dependencies = (
			);
			name = TextOnMenuBar;
			productName = TextOnMenuBar;
			productReference = 902203A02C3A751A00D34BDF /* TextOnMenuBar.app */;
			productType = "com.apple.product-type.application";
		};
/* End PBXNativeTarget section */

/* Begin PBXProject section */
		902203982C3A751A00D34BDF /* Project object */ = {
			isa = PBXProject;
			attributes = {
				BuildIndependentTargetsInParallel = 1;
				LastSwiftUpdateCheck = 1540;
				LastUpgradeCheck = 1540;
				TargetAttributes = {
					9022039F2C3A751A00D34BDF = {
						CreatedOnToolsVersion = 15.4;
					};
				};
			};
			buildConfigurationList = 9022039B2C3A751A00D34BDF /* Build configuration list for PBXProject "TextOnMenuBar" */;
			compatibilityVersion = "Xcode 14.0";
			developmentRegion = en;
			hasScannedForEncodings = 0;
			knownRegions = (
				en,
				Base,
			);
			mainGroup = 902203972C3A751A00D34BDF;
			productRefGroup = 902203A12C3A751A00D34BDF /* Products */;
			projectDirPath = "";
			projectRoot = "";
			targets = (
				9022039F2C3A751A00D34BDF /* TextOnMenuBar */,
			);
		};
/* End PBXProject section */

/* Begin PBXResourcesBuildPhase section */
		9022039E2C3A751A00D34BDF /* Resources */ = {
			isa = PBXResourcesBuildPhase;
			buildActionMask = 2147483647;
			files = (
				902203A82C3A751D00D34BDF /* Assets.xcassets in Resources */,
				902203AB2C3A751D00D34BDF /* Base in Resources */,
			);
			runOnlyForDeploymentPostprocessing = 0;
		};
/* End PBXResourcesBuildPhase section */

/* Begin PBXSourcesBuildPhase section */
		9022039C2C3A751A00D34BDF /* Sources */ = {
			isa = PBXSourcesBuildPhase;
			buildActionMask = 2147483647;
			files = (
				902203B82C3A772E00D34BDF /* StatusBar.swift in Sources */,
				902203A62C3A751A00D34BDF /* ViewController.swift in Sources */,
				902203C12C3A7C9000D34BDF /* main.swift in Sources */,
				902203B72C3A772E00D34BDF /* NSLabel.swift in Sources */,
				902203B92C3A772E00D34BDF /* TextInputWindowController.swift in Sources */,
				902203BB2C3A787D00D34BDF /* Logger.swift in Sources */,
				902203B62C3A772E00D34BDF /* SettingsWindowController.swift in Sources */,
				902203A42C3A751A00D34BDF /* AppDelegate.swift in Sources */,
			);
			runOnlyForDeploymentPostprocessing = 0;
		};
/* End PBXSourcesBuildPhase section */

/* Begin PBXVariantGroup section */
		902203A92C3A751D00D34BDF /* Main.storyboard */ = {
			isa = PBXVariantGroup;
			children = (
				902203AA2C3A751D00D34BDF /* Base */,
			);
			name = Main.storyboard;
			sourceTree = "<group>";
		};
/* End PBXVariantGroup section */

/* Begin XCBuildConfiguration section */
		902203AD2C3A751D00D34BDF /* Debug */ = {
			isa = XCBuildConfiguration;
			buildSettings = {
				ALWAYS_SEARCH_USER_PATHS = NO;
				ASSETCATALOG_COMPILER_GENERATE_SWIFT_ASSET_SYMBOL_EXTENSIONS = YES;
				CLANG_ANALYZER_NONNULL = YES;
				CLANG_ANALYZER_NUMBER_OBJECT_CONVERSION = YES_AGGRESSIVE;
				CLANG_CXX_LANGUAGE_STANDARD = "gnu++20";
				CLANG_ENABLE_MODULES = YES;
				CLANG_ENABLE_OBJC_ARC = YES;
				CLANG_ENABLE_OBJC_WEAK = YES;
				CLANG_WARN_BLOCK_CAPTURE_AUTORELEASING = YES;
				CLANG_WARN_BOOL_CONVERSION = YES;
				CLANG_WARN_COMMA = YES;
				CLANG_WARN_CONSTANT_CONVERSION = YES;
				CLANG_WARN_DEPRECATED_OBJC_IMPLEMENTATIONS = YES;
				CLANG_WARN_DIRECT_OBJC_ISA_USAGE = YES_ERROR;
				CLANG_WARN_DOCUMENTATION_COMMENTS = YES;
				CLANG_WARN_EMPTY_BODY = YES;
				CLANG_WARN_ENUM_CONVERSION = YES;
				CLANG_WARN_INFINITE_RECURSION = YES;
				CLANG_WARN_INT_CONVERSION = YES;
				CLANG_WARN_NON_LITERAL_NULL_CONVERSION = YES;
				CLANG_WARN_OBJC_IMPLICIT_RETAIN_SELF = YES;
				CLANG_WARN_OBJC_LITERAL_CONVERSION = YES;
				CLANG_WARN_OBJC_ROOT_CLASS = YES_ERROR;
				CLANG_WARN_QUOTED_INCLUDE_IN_FRAMEWORK_HEADER = YES;
				CLANG_WARN_RANGE_LOOP_ANALYSIS = YES;
				CLANG_WARN_STRICT_PROTOTYPES = YES;
				CLANG_WARN_SUSPICIOUS_MOVE = YES;
				CLANG_WARN_UNGUARDED_AVAILABILITY = YES_AGGRESSIVE;
				CLANG_WARN_UNREACHABLE_CODE = YES;
				CLANG_WARN__DUPLICATE_METHOD_MATCH = YES;
				COPY_PHASE_STRIP = NO;
				DEBUG_INFORMATION_FORMAT = dwarf;
				ENABLE_STRICT_OBJC_MSGSEND = YES;
				ENABLE_TESTABILITY = YES;
				ENABLE_USER_SCRIPT_SANDBOXING = YES;
				GCC_C_LANGUAGE_STANDARD = gnu17;
				GCC_DYNAMIC_NO_PIC = NO;
				GCC_NO_COMMON_BLOCKS = YES;
				GCC_OPTIMIZATION_LEVEL = 0;
				GCC_PREPROCESSOR_DEFINITIONS = (
					"DEBUG=1",
					"$(inherited)",
				);
				GCC_WARN_64_TO_32_BIT_CONVERSION = YES;
				GCC_WARN_ABOUT_RETURN_TYPE = YES_ERROR;
				GCC_WARN_UNDECLARED_SELECTOR = YES;
				GCC_WARN_UNINITIALIZED_AUTOS = YES_AGGRESSIVE;
				GCC_WARN_UNUSED_FUNCTION = YES;
				GCC_WARN_UNUSED_VARIABLE = YES;
				LOCALIZATION_PREFERS_STRING_CATALOGS = YES;
				MACOSX_DEPLOYMENT_TARGET = 14.5;
				MTL_ENABLE_DEBUG_INFO = INCLUDE_SOURCE;
				MTL_FAST_MATH = YES;
				ONLY_ACTIVE_ARCH = YES;
				SDKROOT = macosx;
				SWIFT_ACTIVE_COMPILATION_CONDITIONS = "DEBUG $(inherited)";
				SWIFT_OPTIMIZATION_LEVEL = "-Onone";
			};
			name = Debug;
		};
		902203AE2C3A751D00D34BDF /* Release */ = {
			isa = XCBuildConfiguration;
			buildSettings = {
				ALWAYS_SEARCH_USER_PATHS = NO;
				ASSETCATALOG_COMPILER_GENERATE_SWIFT_ASSET_SYMBOL_EXTENSIONS = YES;
				CLANG_ANALYZER_NONNULL = YES;
				CLANG_ANALYZER_NUMBER_OBJECT_CONVERSION = YES_AGGRESSIVE;
				CLANG_CXX_LANGUAGE_STANDARD = "gnu++20";
				CLANG_ENABLE_MODULES = YES;
				CLANG_ENABLE_OBJC_ARC = YES;
				CLANG_ENABLE_OBJC_WEAK = YES;
				CLANG_WARN_BLOCK_CAPTURE_AUTORELEASING = YES;
				CLANG_WARN_BOOL_CONVERSION = YES;
				CLANG_WARN_COMMA = YES;
				CLANG_WARN_CONSTANT_CONVERSION = YES;
				CLANG_WARN_DEPRECATED_OBJC_IMPLEMENTATIONS = YES;
				CLANG_WARN_DIRECT_OBJC_ISA_USAGE = YES_ERROR;
				CLANG_WARN_DOCUMENTATION_COMMENTS = YES;
				CLANG_WARN_EMPTY_BODY = YES;
				CLANG_WARN_ENUM_CONVERSION = YES;
				CLANG_WARN_INFINITE_RECURSION = YES;
				CLANG_WARN_INT_CONVERSION = YES;
				CLANG_WARN_NON_LITERAL_NULL_CONVERSION = YES;
				CLANG_WARN_OBJC_IMPLICIT_RETAIN_SELF = YES;
				CLANG_WARN_OBJC_LITERAL_CONVERSION = YES;
				CLANG_WARN_OBJC_ROOT_CLASS = YES_ERROR;
				CLANG_WARN_QUOTED_INCLUDE_IN_FRAMEWORK_HEADER = YES;
				CLANG_WARN_RANGE_LOOP_ANALYSIS = YES;
				CLANG_WARN_STRICT_PROTOTYPES = YES;
				CLANG_WARN_SUSPICIOUS_MOVE = YES;
				CLANG_WARN_UNGUARDED_AVAILABILITY = YES_AGGRESSIVE;
				CLANG_WARN_UNREACHABLE_CODE = YES;
				CLANG_WARN__DUPLICATE_METHOD_MATCH = YES;
				COPY_PHASE_STRIP = NO;
				DEBUG_INFORMATION_FORMAT = "dwarf-with-dsym";
				ENABLE_NS_ASSERTIONS = NO;
				ENABLE_STRICT_OBJC_MSGSEND = YES;
				ENABLE_USER_SCRIPT_SANDBOXING = YES;
				GCC_C_LANGUAGE_STANDARD = gnu17;
				GCC_NO_COMMON_BLOCKS = YES;
				GCC_WARN_64_TO_32_BIT_CONVERSION = YES;
				GCC_WARN_ABOUT_RETURN_TYPE = YES_ERROR;
				GCC_WARN_UNDECLARED_SELECTOR = YES;
				GCC_WARN_UNINITIALIZED_AUTOS = YES_AGGRESSIVE;
				GCC_WARN_UNUSED_FUNCTION = YES;
				GCC_WARN_UNUSED_VARIABLE = YES;
				LOCALIZATION_PREFERS_STRING_CATALOGS = YES;
				MACOSX_DEPLOYMENT_TARGET = 14.5;
				MTL_ENABLE_DEBUG_INFO = NO;
				MTL_FAST_MATH = YES;
				SDKROOT = macosx;
				SWIFT_COMPILATION_MODE = wholemodule;
			};
			name = Release;
		};
		902203B02C3A751D00D34BDF /* Debug */ = {
			isa = XCBuildConfiguration;
			buildSettings = {
				ASSETCATALOG_COMPILER_APPICON_NAME = AppIcon;
				ASSETCATALOG_COMPILER_GLOBAL_ACCENT_COLOR_NAME = AccentColor;
				CODE_SIGN_ENTITLEMENTS = TextOnMenuBar/TextOnMenuBar.entitlements;
				CODE_SIGN_STYLE = Automatic;
				COMBINE_HIDPI_IMAGES = YES;
				CURRENT_PROJECT_VERSION = 1;
				GENERATE_INFOPLIST_FILE = YES;
				INFOPLIST_KEY_LSUIElement = YES;
				INFOPLIST_KEY_NSHumanReadableCopyright = "";
				INFOPLIST_KEY_NSPrincipalClass = NSApplication;
				LD_RUNPATH_SEARCH_PATHS = (
					"$(inherited)",
					"@executable_path/../Frameworks",
				);
				MARKETING_VERSION = 1.0;
				PRODUCT_BUNDLE_IDENTIFIER = com.wamufi.TextOnMenuBar;
				PRODUCT_NAME = "$(TARGET_NAME)";
				SWIFT_EMIT_LOC_STRINGS = YES;
				SWIFT_VERSION = 5.0;
			};
			name = Debug;
		};
		902203B12C3A751D00D34BDF /* Release */ = {
			isa = XCBuildConfiguration;
			buildSettings = {
				ASSETCATALOG_COMPILER_APPICON_NAME = AppIcon;
				ASSETCATALOG_COMPILER_GLOBAL_ACCENT_COLOR_NAME = AccentColor;
				CODE_SIGN_ENTITLEMENTS = TextOnMenuBar/TextOnMenuBar.entitlements;
				CODE_SIGN_STYLE = Automatic;
				COMBINE_HIDPI_IMAGES = YES;
				CURRENT_PROJECT_VERSION = 1;
				GENERATE_INFOPLIST_FILE = YES;
				INFOPLIST_KEY_LSUIElement = YES;
				INFOPLIST_KEY_NSHumanReadableCopyright = "";
				INFOPLIST_KEY_NSPrincipalClass = NSApplication;
				LD_RUNPATH_SEARCH_PATHS = (
					"$(inherited)",
					"@executable_path/../Frameworks",
				);
				MARKETING_VERSION = 1.0;
				PRODUCT_BUNDLE_IDENTIFIER = com.wamufi.TextOnMenuBar;
				PRODUCT_NAME = "$(TARGET_NAME)";
				SWIFT_EMIT_LOC_STRINGS = YES;
				SWIFT_VERSION = 5.0;
			};
			name = Release;
		};
/* End XCBuildConfiguration section */

/* Begin XCConfigurationList section */
		9022039B2C3A751A00D34BDF /* Build configuration list for PBXProject "TextOnMenuBar" */ = {
			isa = XCConfigurationList;
			buildConfigurations = (
				902203AD2C3A751D00D34BDF /* Debug */,
				902203AE2C3A751D00D34BDF /* Release */,
			);
			defaultConfigurationIsVisible = 0;
			defaultConfigurationName = Release;
		};
		902203AF2C3A751D00D34BDF /* Build configuration list for PBXNativeTarget "TextOnMenuBar" */ = {
			isa = XCConfigurationList;
			buildConfigurations = (
				902203B02C3A751D00D34BDF /* Debug */,
				902203B12C3A751D00D34BDF /* Release */,
			);
			defaultConfigurationIsVisible = 0;
			defaultConfigurationName = Release;
		};
/* End XCConfigurationList section */
	};
	rootObject = 902203982C3A751A00D34BDF /* Project object */;
}
